
Microsoft Visual Studio Solution File, Format Version 12.00
# Visual Studio Version 16
VisualStudioVersion = 16.0.31005.135
MinimumVisualStudioVersion = 10.0.40219.1
Project("{FAE04EC0-301F-11D3-BF4B-00C04F79EFBC}") = "CapaDatoss", "CapaDatoss\CapaDatoss.csproj", "{AF39C51A-2865-410A-9211-31CCE8CD3EA3}"
EndProject
Project("{FAE04EC0-301F-11D3-BF4B-00C04F79EFBC}") = "CapaNegocios", "CapaNegocios\CapaNegocios.csproj", "{C90D5D60-842A-48EF-A07B-8EE148452253}"
EndProject
Project("{FAE04EC0-301F-11D3-BF4B-00C04F79EFBC}") = "CapaPresentacionn", "CapaPresentacionn\CapaPresentacionn.csproj", "{0CAD8442-B519-40D4-A22C-0EE891166C9C}"
EndProject
Global
	GlobalSection(SolutionConfigurationPlatforms) = preSolution
		Debug|Any CPU = Debug|Any CPU
		Release|Any CPU = Release|Any CPU
	EndGlobalSection
	GlobalSection(ProjectConfigurationPlatforms) = postSolution
		{AF39C51A-2865-410A-9211-31CCE8CD3EA3}.Debug|Any CPU.ActiveCfg = Debug|Any CPU
		{AF39C51A-2865-410A-9211-31CCE8CD3EA3}.Debug|Any CPU.Build.0 = Debug|Any CPU
		{AF39C51A-2865-410A-9211-31CCE8CD3EA3}.Release|Any CPU.ActiveCfg = Release|Any CPU
		{AF39C51A-2865-410A-9211-31CCE8CD3EA3}.Release|Any CPU.Build.0 = Release|Any CPU
		{C90D5D60-842A-48EF-A07B-8EE148452253}.Debug|Any CPU.ActiveCfg = Debug|Any CPU
		{C90D5D60-842A-48EF-A07B-8EE148452253}.Debug|Any CPU.Build.0 = Debug|Any CPU
		{C90D5D60-842A-48EF-A07B-8EE148452253}.Release|Any CPU.ActiveCfg = Release|Any CPU
		{C90D5D60-842A-48EF-A07B-8EE148452253}.Release|Any CPU.Build.0 = Release|Any CPU
		{0CAD8442-B519-40D4-A22C-0EE891166C9C}.Debug|Any CPU.ActiveCfg = Debug|Any CPU
		{0CAD8442-B519-40D4-A22C-0EE891166C9C}.Debug|Any CPU.Build.0 = Debug|Any CPU
		{0CAD8442-B519-40D4-A22C-0EE891166C9C}.Release|Any CPU.ActiveCfg = Release|Any CPU
		{0CAD8442-B519-40D4-A22C-0EE891166C9C}.Release|Any CPU.Build.0 = Release|Any CPU
	EndGlobalSection
	GlobalSection(SolutionProperties) = preSolution
		HideSolutionNode = FALSE
	EndGlobalSection
	GlobalSection(ExtensibilityGlobals) = postSolution
		SolutionGuid = {2373E7DC-634B-4454-932D-DDA6A4A68798}
	EndGlobalSection
EndGlobal
